// !$*UTF8*$!
{
	archiveVersion = 1;
	classes = {
	};
	objectVersion = 46;
	objects = {

/* Begin PBXBuildFile section */
		630D603E1CFAFBAD00759369 /* AddEventViewController.swift in Sources */ = {isa = PBXBuildFile; fileRef = 630D603D1CFAFBAD00759369 /* AddEventViewController.swift */; };
		632BFB5D1CFAC5E200C14E30 /* AppDelegate.swift in Sources */ = {isa = PBXBuildFile; fileRef = 632BFB5C1CFAC5E200C14E30 /* AppDelegate.swift */; };
		632BFB5F1CFAC5E200C14E30 /* ViewController.swift in Sources */ = {isa = PBXBuildFile; fileRef = 632BFB5E1CFAC5E200C14E30 /* ViewController.swift */; };
		632BFB621CFAC5E200C14E30 /* Main.storyboard in Resources */ = {isa = PBXBuildFile; fileRef = 632BFB601CFAC5E200C14E30 /* Main.storyboard */; };
		632BFB641CFAC5E200C14E30 /* Assets.xcassets in Resources */ = {isa = PBXBuildFile; fileRef = 632BFB631CFAC5E200C14E30 /* Assets.xcassets */; };
		632BFB671CFAC5E200C14E30 /* LaunchScreen.storyboard in Resources */ = {isa = PBXBuildFile; fileRef = 632BFB651CFAC5E200C14E30 /* LaunchScreen.storyboard */; };
		632BFB721CFAC5E200C14E30 /* todoTests.swift in Sources */ = {isa = PBXBuildFile; fileRef = 632BFB711CFAC5E200C14E30 /* todoTests.swift */; };
		632BFB7D1CFAC5E200C14E30 /* todoUITests.swift in Sources */ = {isa = PBXBuildFile; fileRef = 632BFB7C1CFAC5E200C14E30 /* todoUITests.swift */; };
		632BFB8B1CFAC8EE00C14E30 /* TodoModel.swift in Sources */ = {isa = PBXBuildFile; fileRef = 632BFB8A1CFAC8EE00C14E30 /* TodoModel.swift */; };
/* End PBXBuildFile section */

/* Begin PBXContainerItemProxy section */
		632BFB6E1CFAC5E200C14E30 /* PBXContainerItemProxy */ = {
			isa = PBXContainerItemProxy;
			containerPortal = 632BFB511CFAC5E200C14E30 /* Project object */;
			proxyType = 1;
			remoteGlobalIDString = 632BFB581CFAC5E200C14E30;
			remoteInfo = todo;
		};
		632BFB791CFAC5E200C14E30 /* PBXContainerItemProxy */ = {
			isa = PBXContainerItemProxy;
			containerPortal = 632BFB511CFAC5E200C14E30 /* Project object */;
			proxyType = 1;
			remoteGlobalIDString = 632BFB581CFAC5E200C14E30;
			remoteInfo = todo;
		};
/* End PBXContainerItemProxy section */

/* Begin PBXFileReference section */
		630D603D1CFAFBAD00759369 /* AddEventViewController.swift */ = {isa = PBXFileReference; fileEncoding = 4; lastKnownFileType = sourcecode.swift; path = AddEventViewController.swift; sourceTree = "<group>"; };
		632BFB591CFAC5E200C14E30 /* todo.app */ = {isa = PBXFileReference; explicitFileType = wrapper.application; includeInIndex = 0; path = todo.app; sourceTree = BUILT_PRODUCTS_DIR; };
		632BFB5C1CFAC5E200C14E30 /* AppDelegate.swift */ = {isa = PBXFileReference; lastKnownFileType = sourcecode.swift; path = AppDelegate.swift; sourceTree = "<group>"; };
		632BFB5E1CFAC5E200C14E30 /* ViewController.swift */ = {isa = PBXFileReference; lastKnownFileType = sourcecode.swift; path = ViewController.swift; sourceTree = "<group>"; };
		632BFB611CFAC5E200C14E30 /* Base */ = {isa = PBXFileReference; lastKnownFileType = file.storyboard; name = Base; path = Base.lproj/Main.storyboard; sourceTree = "<group>"; };
		632BFB631CFAC5E200C14E30 /* Assets.xcassets */ = {isa = PBXFileReference; lastKnownFileType = folder.assetcatalog; path = Assets.xcassets; sourceTree = "<group>"; };
		632BFB661CFAC5E200C14E30 /* Base */ = {isa = PBXFileReference; lastKnownFileType = file.storyboard; name = Base; path = Base.lproj/LaunchScreen.storyboard; sourceTree = "<group>"; };
		632BFB681CFAC5E200C14E30 /* Info.plist */ = {isa = PBXFileReference; lastKnownFileType = text.plist.xml; path = Info.plist; sourceTree = "<group>"; };
		632BFB6D1CFAC5E200C14E30 /* todoTests.xctest */ = {isa = PBXFileReference; explicitFileType = wrapper.cfbundle; includeInIndex = 0; path = todoTests.xctest; sourceTree = BUILT_PRODUCTS_DIR; };
		632BFB711CFAC5E200C14E30 /* todoTests.swift */ = {isa = PBXFileReference; lastKnownFileType = sourcecode.swift; path = todoTests.swift; sourceTree = "<group>"; };
		632BFB731CFAC5E200C14E30 /* Info.plist */ = {isa = PBXFileReference; lastKnownFileType = text.plist.xml; path = Info.plist; sourceTree = "<group>"; };
		632BFB781CFAC5E200C14E30 /* todoUITests.xctest */ = {isa = PBXFileReference; explicitFileType = wrapper.cfbundle; includeInIndex = 0; path = todoUITests.xctest; sourceTree = BUILT_PRODUCTS_DIR; };
		632BFB7C1CFAC5E200C14E30 /* todoUITests.swift */ = {isa = PBXFileReference; lastKnownFileType = sourcecode.swift; path = todoUITests.swift; sourceTree = "<group>"; };
		632BFB7E1CFAC5E200C14E30 /* Info.plist */ = {isa = PBXFileReference; lastKnownFileType = text.plist.xml; path = Info.plist; sourceTree = "<group>"; };
		632BFB8A1CFAC8EE00C14E30 /* TodoModel.swift */ = {isa = PBXFileReference; fileEncoding = 4; lastKnownFileType = sourcecode.swift; path = TodoModel.swift; sourceTree = "<group>"; };
/* End PBXFileReference section */

/* Begin PBXFrameworksBuildPhase section */
		632BFB561CFAC5E200C14E30 /* Frameworks */ = {
			isa = PBXFrameworksBuildPhase;
			buildActionMask = 2147483647;
			files = (
			);
			runOnlyForDeploymentPostprocessing = 0;
		};
		632BFB6A1CFAC5E200C14E30 /* Frameworks */ = {
			isa = PBXFrameworksBuildPhase;
			buildActionMask = 2147483647;
			files = (
			);
			runOnlyForDeploymentPostprocessing = 0;
		};
		632BFB751CFAC5E200C14E30 /* Frameworks */ = {
			isa = PBXFrameworksBuildPhase;
			buildActionMask = 2147483647;
			files = (
			);
			runOnlyForDeploymentPostprocessing = 0;
		};
/* End PBXFrameworksBuildPhase section */

/* Begin PBXGroup section */
		632BFB501CFAC5E200C14E30 = {
			isa = PBXGroup;
			children = (
				632BFB5B1CFAC5E200C14E30 /* todo */,
				632BFB701CFAC5E200C14E30 /* todoTests */,
				632BFB7B1CFAC5E200C14E30 /* todoUITests */,
				632BFB5A1CFAC5E200C14E30 /* Products */,
			);
			sourceTree = "<group>";
		};
		632BFB5A1CFAC5E200C14E30 /* Products */ = {
			isa = PBXGroup;
			children = (
				632BFB591CFAC5E200C14E30 /* todo.app */,
				632BFB6D1CFAC5E200C14E30 /* todoTests.xctest */,
				632BFB781CFAC5E200C14E30 /* todoUITests.xctest */,
			);
			name = Products;
			sourceTree = "<group>";
		};
		632BFB5B1CFAC5E200C14E30 /* todo */ = {
			isa = PBXGroup;
			children = (
				632BFB5C1CFAC5E200C14E30 /* AppDelegate.swift */,
				632BFB5E1CFAC5E200C14E30 /* ViewController.swift */,
				632BFB601CFAC5E200C14E30 /* Main.storyboard */,
				632BFB631CFAC5E200C14E30 /* Assets.xcassets */,
				632BFB651CFAC5E200C14E30 /* LaunchScreen.storyboard */,
				632BFB681CFAC5E200C14E30 /* Info.plist */,
				632BFB8A1CFAC8EE00C14E30 /* TodoModel.swift */,
				630D603D1CFAFBAD00759369 /* AddEventViewController.swift */,
			);
			path = todo;
			sourceTree = "<group>";
		};
		632BFB701CFAC5E200C14E30 /* todoTests */ = {
			isa = PBXGroup;
			children = (
				632BFB711CFAC5E200C14E30 /* todoTests.swift */,
				632BFB731CFAC5E200C14E30 /* Info.plist */,
			);
			path = todoTests;
			sourceTree = "<group>";
		};
		632BFB7B1CFAC5E200C14E30 /* todoUITests */ = {
			isa = PBXGroup;
			children = (
				632BFB7C1CFAC5E200C14E30 /* todoUITests.swift */,
				632BFB7E1CFAC5E200C14E30 /* Info.plist */,
			);
			path = todoUITests;
			sourceTree = "<group>";
		};
/* End PBXGroup section */

/* Begin PBXNativeTarget section */
		632BFB581CFAC5E200C14E30 /* todo */ = {
			isa = PBXNativeTarget;
			buildConfigurationList = 632BFB811CFAC5E200C14E30 /* Build configuration list for PBXNativeTarget "todo" */;
			buildPhases = (
				632BFB551CFAC5E200C14E30 /* Sources */,
				632BFB561CFAC5E200C14E30 /* Frameworks */,
				632BFB571CFAC5E200C14E30 /* Resources */,
			);
			buildRules = (
			);
			dependencies = (
			);
			name = todo;
			productName = todo;
			productReference = 632BFB591CFAC5E200C14E30 /* todo.app */;
			productType = "com.apple.product-type.application";
		};
		632BFB6C1CFAC5E200C14E30 /* todoTests */ = {
			isa = PBXNativeTarget;
			buildConfigurationList = 632BFB841CFAC5E200C14E30 /* Build configuration list for PBXNativeTarget "todoTests" */;
			buildPhases = (
				632BFB691CFAC5E200C14E30 /* Sources */,
				632BFB6A1CFAC5E200C14E30 /* Frameworks */,
				632BFB6B1CFAC5E200C14E30 /* Resources */,
			);
			buildRules = (
			);
			dependencies = (
				632BFB6F1CFAC5E200C14E30 /* PBXTargetDependency */,
			);
			name = todoTests;
			productName = todoTests;
			productReference = 632BFB6D1CFAC5E200C14E30 /* todoTests.xctest */;
			productType = "com.apple.product-type.bundle.unit-test";
		};
		632BFB771CFAC5E200C14E30 /* todoUITests */ = {
			isa = PBXNativeTarget;
			buildConfigurationList = 632BFB871CFAC5E200C14E30 /* Build configuration list for PBXNativeTarget "todoUITests" */;
			buildPhases = (
				632BFB741CFAC5E200C14E30 /* Sources */,
				632BFB751CFAC5E200C14E30 /* Frameworks */,
				632BFB761CFAC5E200C14E30 /* Resources */,
			);
			buildRules = (
			);
			dependencies = (
				632BFB7A1CFAC5E200C14E30 /* PBXTargetDependency */,
			);
			name = todoUITests;
			productName = todoUITests;
			productReference = 632BFB781CFAC5E200C14E30 /* todoUITests.xctest */;
			productType = "com.apple.product-type.bundle.ui-testing";
		};
/* End PBXNativeTarget section */

/* Begin PBXProject section */
		632BFB511CFAC5E200C14E30 /* Project object */ = {
			isa = PBXProject;
			attributes = {
				LastSwiftUpdateCheck = 0730;
				LastUpgradeCheck = 0730;
				ORGANIZATIONNAME = Jewel;
				TargetAttributes = {
					632BFB581CFAC5E200C14E30 = {
						CreatedOnToolsVersion = 7.3.1;
					};
					632BFB6C1CFAC5E200C14E30 = {
						CreatedOnToolsVersion = 7.3.1;
						TestTargetID = 632BFB581CFAC5E200C14E30;
					};
					632BFB771CFAC5E200C14E30 = {
						CreatedOnToolsVersion = 7.3.1;
						TestTargetID = 632BFB581CFAC5E200C14E30;
					};
				};
			};
			buildConfigurationList = 632BFB541CFAC5E200C14E30 /* Build configuration list for PBXProject "todo" */;
			compatibilityVersion = "Xcode 3.2";
			developmentRegion = English;
			hasScannedForEncodings = 0;
			knownRegions = (
				en,
				Base,
			);
			mainGroup = 632BFB501CFAC5E200C14E30;
			productRefGroup = 632BFB5A1CFAC5E200C14E30 /* Products */;
			projectDirPath = "";
			projectRoot = "";
			targets = (
				632BFB581CFAC5E200C14E30 /* todo */,
				632BFB6C1CFAC5E200C14E30 /* todoTests */,
				632BFB771CFAC5E200C14E30 /* todoUITests */,
			);
		};
/* End PBXProject section */

/* Begin PBXResourcesBuildPhase section */
		632BFB571CFAC5E200C14E30 /* Resources */ = {
			isa = PBXResourcesBuildPhase;
			buildActionMask = 2147483647;
			files = (
				632BFB671CFAC5E200C14E30 /* LaunchScreen.storyboard in Resources */,
				632BFB641CFAC5E200C14E30 /* Assets.xcassets in Resources */,
				632BFB621CFAC5E200C14E30 /* Main.storyboard in Resources */,
			);
			runOnlyForDeploymentPostprocessing = 0;
		};
		632BFB6B1CFAC5E200C14E30 /* Resources */ = {
			isa = PBXResourcesBuildPhase;
			buildActionMask = 2147483647;
			files = (
			);
			runOnlyForDeploymentPostprocessing = 0;
		};
		632BFB761CFAC5E200C14E30 /* Resources */ = {
			isa = PBXResourcesBuildPhase;
			buildActionMask = 2147483647;
			files = (
			);
			runOnlyForDeploymentPostprocessing = 0;
		};
/* End PBXResourcesBuildPhase section */

/* Begin PBXSourcesBuildPhase section */
		632BFB551CFAC5E200C14E30 /* Sources */ = {
			isa = PBXSourcesBuildPhase;
			buildActionMask = 2147483647;
			files = (
				632BFB8B1CFAC8EE00C14E30 /* TodoModel.swift in Sources */,
				630D603E1CFAFBAD00759369 /* AddEventViewController.swift in Sources */,
				632BFB5F1CFAC5E200C14E30 /* ViewController.swift in Sources */,
				632BFB5D1CFAC5E200C14E30 /* AppDelegate.swift in Sources */,
			);
			runOnlyForDeploymentPostprocessing = 0;
		};
		632BFB691CFAC5E200C14E30 /* Sources */ = {
			isa = PBXSourcesBuildPhase;
			buildActionMask = 2147483647;
			files = (
				632BFB721CFAC5E200C14E30 /* todoTests.swift in Sources */,
			);
			runOnlyForDeploymentPostprocessing = 0;
		};
		632BFB741CFAC5E200C14E30 /* Sources */ = {
			isa = PBXSourcesBuildPhase;
			buildActionMask = 2147483647;
			files = (
				632BFB7D1CFAC5E200C14E30 /* todoUITests.swift in Sources */,
			);
			runOnlyForDeploymentPostprocessing = 0;
		};
/* End PBXSourcesBuildPhase section */

/* Begin PBXTargetDependency section */
		632BFB6F1CFAC5E200C14E30 /* PBXTargetDependency */ = {
			isa = PBXTargetDependency;
			target = 632BFB581CFAC5E200C14E30 /* todo */;
			targetProxy = 632BFB6E1CFAC5E200C14E30 /* PBXContainerItemProxy */;
		};
		632BFB7A1CFAC5E200C14E30 /* PBXTargetDependency */ = {
			isa = PBXTargetDependency;
			target = 632BFB581CFAC5E200C14E30 /* todo */;
			targetProxy = 632BFB791CFAC5E200C14E30 /* PBXContainerItemProxy */;
		};
/* End PBXTargetDependency section */

/* Begin PBXVariantGroup section */
		632BFB601CFAC5E200C14E30 /* Main.storyboard */ = {
			isa = PBXVariantGroup;
			children = (
				632BFB611CFAC5E200C14E30 /* Base */,
			);
			name = Main.storyboard;
			sourceTree = "<group>";
		};
		632BFB651CFAC5E200C14E30 /* LaunchScreen.storyboard */ = {
			isa = PBXVariantGroup;
			children = (
				632BFB661CFAC5E200C14E30 /* Base */,
			);
			name = LaunchScreen.storyboard;
			sourceTree = "<group>";
		};
/* End PBXVariantGroup section */

/* Begin XCBuildConfiguration section */
		632BFB7F1CFAC5E200C14E30 /* Debug */ = {
			isa = XCBuildConfiguration;
			buildSettings = {
				ALWAYS_SEARCH_USER_PATHS = NO;
				CLANG_ANALYZER_NONNULL = YES;
				CLANG_CXX_LANGUAGE_STANDARD = "gnu++0x";
				CLANG_CXX_LIBRARY = "libc++";
				CLANG_ENABLE_MODULES = YES;
				CLANG_ENABLE_OBJC_ARC = YES;
				CLANG_WARN_BOOL_CONVERSION = YES;
				CLANG_WARN_CONSTANT_CONVERSION = YES;
				CLANG_WARN_DIRECT_OBJC_ISA_USAGE = YES_ERROR;
				CLANG_WARN_EMPTY_BODY = YES;
				CLANG_WARN_ENUM_CONVERSION = YES;
				CLANG_WARN_INT_CONVERSION = YES;
				CLANG_WARN_OBJC_ROOT_CLASS = YES_ERROR;
				CLANG_WARN_UNREACHABLE_CODE = YES;
				CLANG_WARN__DUPLICATE_METHOD_MATCH = YES;
				"CODE_SIGN_IDENTITY[sdk=iphoneos*]" = "iPhone Developer";
				COPY_PHASE_STRIP = NO;
				DEBUG_INFORMATION_FORMAT = dwarf;
				ENABLE_STRICT_OBJC_MSGSEND = YES;
				ENABLE_TESTABILITY = YES;
				GCC_C_LANGUAGE_STANDARD = gnu99;
				GCC_DYNAMIC_NO_PIC = NO;
				GCC_NO_COMMON_BLOCKS = YES;
				GCC_OPTIMIZATION_LEVEL = 0;
				GCC_PREPROCESSOR_DEFINITIONS = (
					"DEBUG=1",
					"$(inherited)",
				);
				GCC_WARN_64_TO_32_BIT_CONVERSION = YES;
				GCC_WARN_ABOUT_RETURN_TYPE = YES_ERROR;
				GCC_WARN_UNDECLARED_SELECTOR = YES;
				GCC_WARN_UNINITIALIZED_AUTOS = YES_AGGRESSIVE;
				GCC_WARN_UNUSED_FUNCTION = YES;
				GCC_WARN_UNUSED_VARIABLE = YES;
				IPHONEOS_DEPLOYMENT_TARGET = 9.3;
				MTL_ENABLE_DEBUG_INFO = YES;
				ONLY_ACTIVE_ARCH = YES;
				SDKROOT = iphoneos;
				SWIFT_OPTIMIZATION_LEVEL = "-Onone";
			};
			name = Debug;
		};
		632BFB801CFAC5E200C14E30 /* Release */ = {
			isa = XCBuildConfiguration;
			buildSettings = {
				ALWAYS_SEARCH_USER_PATHS = NO;
				CLANG_ANALYZER_NONNULL = YES;
				CLANG_CXX_LANGUAGE_STANDARD = "gnu++0x";
				CLANG_CXX_LIBRARY = "libc++";
				CLANG_ENABLE_MODULES = YES;
				CLANG_ENABLE_OBJC_ARC = YES;
				CLANG_WARN_BOOL_CONVERSION = YES;
				CLANG_WARN_CONSTANT_CONVERSION = YES;
				CLANG_WARN_DIRECT_OBJC_ISA_USAGE = YES_ERROR;
				CLANG_WARN_EMPTY_BODY = YES;
				CLANG_WARN_ENUM_CONVERSION = YES;
				CLANG_WARN_INT_CONVERSION = YES;
				CLANG_WARN_OBJC_ROOT_CLASS = YES_ERROR;
				CLANG_WARN_UNREACHABLE_CODE = YES;
				CLANG_WARN__DUPLICATE_METHOD_MATCH = YES;
				"CODE_SIGN_IDENTITY[sdk=iphoneos*]" = "iPhone Developer";
				COPY_PHASE_STRIP = NO;
				DEBUG_INFORMATION_FORMAT = "dwarf-with-dsym";
				ENABLE_NS_ASSERTIONS = NO;
				ENABLE_STRICT_OBJC_MSGSEND = YES;
				GCC_C_LANGUAGE_STANDARD = gnu99;
				GCC_NO_COMMON_BLOCKS = YES;
				GCC_WARN_64_TO_32_BIT_CONVERSION = YES;
				GCC_WARN_ABOUT_RETURN_TYPE = YES_ERROR;
				GCC_WARN_UNDECLARED_SELECTOR = YES;
				GCC_WARN_UNINITIALIZED_AUTOS = YES_AGGRESSIVE;
				GCC_WARN_UNUSED_FUNCTION = YES;
				GCC_WARN_UNUSED_VARIABLE = YES;
				IPHONEOS_DEPLOYMENT_TARGET = 9.3;
				MTL_ENABLE_DEBUG_INFO = NO;
				SDKROOT = iphoneos;
				VALIDATE_PRODUCT = YES;
			};
			name = Release;
		};
		632BFB821CFAC5E200C14E30 /* Debug */ = {
			isa = XCBuildConfiguration;
			buildSettings = {
				ASSETCATALOG_COMPILER_APPICON_NAME = AppIcon;
				INFOPLIST_FILE = todo/Info.plist;
				LD_RUNPATH_SEARCH_PATHS = "$(inherited) @executable_path/Frameworks";
				PRODUCT_BUNDLE_IDENTIFIER = jewel.todo;
				PRODUCT_NAME = "$(TARGET_NAME)";
			};
			name = Debug;
		};
		632BFB831CFAC5E200C14E30 /* Release */ = {
			isa = XCBuildConfiguration;
			buildSettings = {
				ASSETCATALOG_COMPILER_APPICON_NAME = AppIcon;
				INFOPLIST_FILE = todo/Info.plist;
				LD_RUNPATH_SEARCH_PATHS = "$(inherited) @executable_path/Frameworks";
				PRODUCT_BUNDLE_IDENTIFIER = jewel.todo;
				PRODUCT_NAME = "$(TARGET_NAME)";
			};
			name = Release;
		};
		632BFB851CFAC5E200C14E30 /* Debug */ = {
			isa = XCBuildConfiguration;
			buildSettings = {
				BUNDLE_LOADER = "$(TEST_HOST)";
				INFOPLIST_FILE = todoTests/Info.plist;
				LD_RUNPATH_SEARCH_PATHS = "$(inherited) @executable_path/Frameworks @loader_path/Frameworks";
				PRODUCT_BUNDLE_IDENTIFIER = jewel.todoTests;
				PRODUCT_NAME = "$(TARGET_NAME)";
				TEST_HOST = "$(BUILT_PRODUCTS_DIR)/todo.app/todo";
			};
			name = Debug;
		};
		632BFB861CFAC5E200C14E30 /* Release */ = {
			isa = XCBuildConfiguration;
			buildSettings = {
				BUNDLE_LOADER = "$(TEST_HOST)";
				INFOPLIST_FILE = todoTests/Info.plist;
				LD_RUNPATH_SEARCH_PATHS = "$(inherited) @executable_path/Frameworks @loader_path/Frameworks";
				PRODUCT_BUNDLE_IDENTIFIER = jewel.todoTests;
				PRODUCT_NAME = "$(TARGET_NAME)";
				TEST_HOST = "$(BUILT_PRODUCTS_DIR)/todo.app/todo";
			};
			name = Release;
		};
		632BFB881CFAC5E200C14E30 /* Debug */ = {
			isa = XCBuildConfiguration;
			buildSettings = {
				INFOPLIST_FILE = todoUITests/Info.plist;
				LD_RUNPATH_SEARCH_PATHS = "$(inherited) @executable_path/Frameworks @loader_path/Frameworks";
				PRODUCT_BUNDLE_IDENTIFIER = jewel.todoUITests;
				PRODUCT_NAME = "$(TARGET_NAME)";
				TEST_TARGET_NAME = todo;
			};
			name = Debug;
		};
		632BFB891CFAC5E200C14E30 /* Release */ = {
			isa = XCBuildConfiguration;
			buildSettings = {
				INFOPLIST_FILE = todoUITests/Info.plist;
				LD_RUNPATH_SEARCH_PATHS = "$(inherited) @executable_path/Frameworks @loader_path/Frameworks";
				PRODUCT_BUNDLE_IDENTIFIER = jewel.todoUITests;
				PRODUCT_NAME = "$(TARGET_NAME)";
				TEST_TARGET_NAME = todo;
			};
			name = Release;
		};
/* End XCBuildConfiguration section */

/* Begin XCConfigurationList section */
		632BFB541CFAC5E200C14E30 /* Build configuration list for PBXProject "todo" */ = {
			isa = XCConfigurationList;
			buildConfigurations = (
				632BFB7F1CFAC5E200C14E30 /* Debug */,
				632BFB801CFAC5E200C14E30 /* Release */,
			);
			defaultConfigurationIsVisible = 0;
			defaultConfigurationName = Release;
		};
		632BFB811CFAC5E200C14E30 /* Build configuration list for PBXNativeTarget "todo" */ = {
			isa = XCConfigurationList;
			buildConfigurations = (
				632BFB821CFAC5E200C14E30 /* Debug */,
				632BFB831CFAC5E200C14E30 /* Release */,
			);
			defaultConfigurationIsVisible = 0;
			defaultConfigurationName = Release;
		};
		632BFB841CFAC5E200C14E30 /* Build configuration list for PBXNativeTarget "todoTests" */ = {
			isa = XCConfigurationList;
			buildConfigurations = (
				632BFB851CFAC5E200C14E30 /* Debug */,
				632BFB861CFAC5E200C14E30 /* Release */,
			);
			defaultConfigurationIsVisible = 0;
			defaultConfigurationName = Release;
		};
		632BFB871CFAC5E200C14E30 /* Build configuration list for PBXNativeTarget "todoUITests" */ = {
			isa = XCConfigurationList;
			buildConfigurations = (
				632BFB881CFAC5E200C14E30 /* Debug */,
				632BFB891CFAC5E200C14E30 /* Release */,
			);
			defaultConfigurationIsVisible = 0;
			defaultConfigurationName = Release;
		};
/* End XCConfigurationList section */
	};
	rootObject = 632BFB511CFAC5E200C14E30 /* Project object */;
}
